
Microsoft Visual Studio Solution File, Format Version 12.00
# Visual Studio Version 17
VisualStudioVersion = 17.13.35825.156 d17.13
MinimumVisualStudioVersion = 10.0.40219.1
Project("{FAE04EC0-301F-11D3-BF4B-00C04F79EFBC}") = "PdfProcessorApp", "PdfProcessorApp\PdfProcessorApp.csproj", "{433B1241-C6BE-49E8-AAE0-FE5CBCCB8B5B}"
EndProject
Global
	GlobalSection(SolutionConfigurationPlatforms) = preSolution
		Debug|Any CPU = Debug|Any CPU
		Release|Any CPU = Release|Any CPU
	EndGlobalSection
	GlobalSection(ProjectConfigurationPlatforms) = postSolution
		{433B1241-C6BE-49E8-AAE0-FE5CBCCB8B5B}.Debug|Any CPU.ActiveCfg = Debug|Any CPU
		{433B1241-C6BE-49E8-AAE0-FE5CBCCB8B5B}.Debug|Any CPU.Build.0 = Debug|Any CPU
		{433B1241-C6BE-49E8-AAE0-FE5CBCCB8B5B}.Release|Any CPU.ActiveCfg = Release|Any CPU
		{433B1241-C6BE-49E8-AAE0-FE5CBCCB8B5B}.Release|Any CPU.Build.0 = Release|Any CPU
	EndGlobalSection
	GlobalSection(SolutionProperties) = preSolution
		HideSolutionNode = FALSE
	EndGlobalSection
	GlobalSection(ExtensibilityGlobals) = postSolution
		SolutionGuid = {E73BF9C4-9B04-4D54-B683-7EA5244CB303}
	EndGlobalSection
EndGlobal
